{
  "requires": true,
  "lockfileVersion": 1,
  "dependencies": {
    "vue": {
      "version": "2.5.17-beta.0",
      "resolved": "https://registry.npmjs.org/vue/-/vue-2.5.17-beta.0.tgz",
      "integrity": "sha512-9BZOxpRe1TaGLS4oXyrUp3BC1dlc93js/yvnHtOovWzrkrjFMm58X+BCHrA/xgMXSM1iyRTEGoxAURyOUaK1dA=="
    },
    "vue-link": {
      "version": "1.3.0",
      "resolved": "https://registry.npmjs.org/vue-link/-/vue-link-1.3.0.tgz",
      "integrity": "sha512-IecEQJYdzVedpa/Sz2xXPBAL7ZTTvVeiOsIFR7WU+5lvMEjgI3/eqU5klZUp4RGB1P/+She2O1vOImLfR9lvMA==",
      "requires": {
        "vue": "^2.5.17-beta.0"
      }
    }
  }
}
